name: Approved route lock

on:
  pull_request:
  push:

permissions:
  contents: read

jobs:
  approved-routes:
    runs-on: ubuntu-latest
    timeout-minutes: 40
    steps:
      - uses: actions/checkout@v4
      - uses: actions/setup-node@v4
        with:
          node-version: 22
          cache: npm
      - run: npm ci
      - name: Verify approved production hashes and contracts
        run: node scripts/qa/approved-route-lock-check.mjs
      - name: Prove the lock fails closed
        run: node scripts/qa/approved-route-lock-self-test.mjs
      - name: Prove material review fails closed
        run: npm run qa:material-review:self-test
      - name: Verify language contract
        run: npm run qa:plain-language
      - name: Verify lint contract
        run: npm run lint
      - name: Verify full regression suite
        run: npm test -- --maxWorkers=2
      - name: Build the approved routes
        run: npm run build
      - name: Refuse unresolved owner feedback
        run: node scripts/qa/website-feedback-ledger-check.mjs --release
      - name: Freeze the single built candidate for both platforms
        uses: actions/upload-artifact@v4
        with:
          name: approved-built-candidate
          path: dist/
          if-no-files-found: error
          compression-level: 0
  browser-verification:
    needs: approved-routes
    strategy:
      fail-fast: false
      matrix:
        include:
          - os: ubuntu-latest
            engines: chromium firefox
          - os: macos-latest
            engines: webkit
    runs-on: ${{ matrix.os }}
    timeout-minutes: 30
    steps:
      - uses: actions/checkout@v4
      - uses: actions/setup-node@v4
        with:
          node-version: 22
          cache: npm
      - run: npm ci
      - uses: actions/download-artifact@v4
        with:
          name: approved-built-candidate
          path: dist/
      - name: Install release verification browsers
        run: npx playwright install --with-deps chromium firefox webkit
      - name: Verify actual homepage scroll builds and lead entry
        # All twelve ordered-state cases run on BOTH platforms. The contract is
        # never narrowed to fit an engine filter or a missing observation.
        run: npm run qa:homepage-release
      - name: Verify served and hydrated search metadata and share assets
        if: runner.os == 'Linux'
        shell: bash
        run: |
          npm run preview -- --host 127.0.0.1 --port 4346 --strictPort &
          preview_pid=$!
          trap 'kill "$preview_pid"' EXIT
          for attempt in {1..30}; do
            if curl --fail --silent http://127.0.0.1:4346/ > /dev/null; then break; fi
            sleep 1
          done
          QA_REVISION="$GITHUB_SHA" npm run qa:discoverability -- --base=http://127.0.0.1:4346 --directory-index
      - name: Verify built public routes and navigation
        # Same 208 route cases and 9 navigation/redirect supplements. WebKit's
        # media gate runs on its Safari-like native platform; Linux WPE failures
        # and no-app reproduction remain in the dated release evidence.
        shell: bash
        env:
          QA_ENGINES: ${{ matrix.engines }}
        run: |
          for engine in $QA_ENGINES; do
            QA_ENGINE="$engine" npm run qa:release-routes
          done
      - name: Retain release verification evidence
        if: always()
        uses: actions/upload-artifact@v4
        with:
          name: homepage-release-evidence-${{ matrix.os }}
          path: artifacts/homepage-release/
          if-no-files-found: error
